
Microsoft Visual Studio Solution File, Format Version 12.00
# Visual Studio 2012
# SharpDevelop 5.1
VisualStudioVersion = 12.0.20827.3
MinimumVisualStudioVersion = 10.0.40219.1
Project("{FAE04EC0-301F-11D3-BF4B-00C04F79EFBC}") = "paso", "paso\paso.csproj", "{AC74382F-C13D-460C-87A6-A6CBC1E88D51}"
EndProject
Project("{FAE04EC0-301F-11D3-BF4B-00C04F79EFBC}") = "workdelegados", "workdelegados\workdelegados.csproj", "{F304F525-54ED-4A35-9356-BFD34B5D90D5}"
EndProject
Project("{FAE04EC0-301F-11D3-BF4B-00C04F79EFBC}") = "delega", "delega\delega.csproj", "{63E74464-EF72-4B83-B23A-A59DC203657C}"
EndProject
Project("{FAE04EC0-301F-11D3-BF4B-00C04F79EFBC}") = "whydelegate", "whydelegate\whydelegate.csproj", "{DF85D91E-76FE-40F7-9BF6-8D3CA2F25064}"
EndProject
Project("{FAE04EC0-301F-11D3-BF4B-00C04F79EFBC}") = "flowPanel", "flowPanel\flowPanel.csproj", "{DEB2C6DA-7EC5-4DBC-9C84-040195242BCB}"
EndProject
Project("{FAE04EC0-301F-11D3-BF4B-00C04F79EFBC}") = "PropertyChangedExample", "PropertyChangedExample\PropertyChangedExample.csproj", "{076FF7DF-BF97-42C7-A869-F88BA69B6220}"
EndProject
Project("{FAE04EC0-301F-11D3-BF4B-00C04F79EFBC}") = "workInterface", "workInterface\workInterface.csproj", "{6C5B3FFB-222D-491A-B3E3-60B30714902E}"
EndProject
Project("{FAE04EC0-301F-11D3-BF4B-00C04F79EFBC}") = "VarEntorno", "VarEntorno\VarEntorno.csproj", "{C27D4ACB-EFE4-4843-AE0F-FEE3F936584E}"
EndProject
Project("{FAE04EC0-301F-11D3-BF4B-00C04F79EFBC}") = "Order", "Order\Order.csproj", "{B2368BE6-1417-4B15-8FF6-B70B8B2514DC}"
EndProject
Project("{FAE04EC0-301F-11D3-BF4B-00C04F79EFBC}") = "Engine", "Engine\Engine.csproj", "{D584E033-7A3F-4CED-9CF7-F2387092A0CE}"
EndProject
Project("{FAE04EC0-301F-11D3-BF4B-00C04F79EFBC}") = "Condor", "Condor\Condor.csproj", "{1CE7F55E-8933-4A22-BCDE-1410A10C9860}"
EndProject
Project("{FAE04EC0-301F-11D3-BF4B-00C04F79EFBC}") = "Explora", "Explora\Explora.csproj", "{88D9FB75-768E-4E77-9A32-1D040489E7D0}"
EndProject
Project("{FAE04EC0-301F-11D3-BF4B-00C04F79EFBC}") = "Tasking", "Tasking\Tasking.csproj", "{97903425-9270-4E28-8A5E-F2B3D563FE68}"
EndProject
Project("{FAE04EC0-301F-11D3-BF4B-00C04F79EFBC}") = "Diccionario", "Diccionario\Diccionario.csproj", "{2D8C056D-5474-4819-94EB-BD000DF24D39}"
EndProject
Project("{FAE04EC0-301F-11D3-BF4B-00C04F79EFBC}") = "ffutility", "ffutility\ffutility.csproj", "{7D4B0537-7B89-4461-A575-5766E0487EAD}"
EndProject
Project("{FAE04EC0-301F-11D3-BF4B-00C04F79EFBC}") = "Proper", "Proper\Proper.csproj", "{A8BCCB1C-3DB1-45E8-B99C-4D19A2089C77}"
EndProject
Project("{FAE04EC0-301F-11D3-BF4B-00C04F79EFBC}") = "Derive", "Derive\Derive.csproj", "{AABA11D6-44E9-4E03-80E0-2B17CCA0185A}"
EndProject
Project("{FAE04EC0-301F-11D3-BF4B-00C04F79EFBC}") = "Apilar-Stack", "Apilar-Stack\Apilar-Stack.csproj", "{DFC6836A-FCB7-402F-AF48-0652819D58EF}"
EndProject
Project("{FAE04EC0-301F-11D3-BF4B-00C04F79EFBC}") = "Parser", "Parser\Parser.csproj", "{4461F9D0-E7B9-4C61-9369-060E60E06198}"
EndProject
Project("{FAE04EC0-301F-11D3-BF4B-00C04F79EFBC}") = "OrderFileMovie", "OrderFileMovie\OrderFileMovie.csproj", "{D8B511FD-3B31-4F49-8B4D-2AF10A58B328}"
EndProject
Project("{FAE04EC0-301F-11D3-BF4B-00C04F79EFBC}") = "ImageFrame", "ImageFrame\ImageFrame.csproj", "{839E8026-01FA-425D-8812-B9C5355840EA}"
EndProject
Project("{FAE04EC0-301F-11D3-BF4B-00C04F79EFBC}") = "CNSpinner", "CNSpinner\CNSpinner\CNSpinner.csproj", "{5CE6B974-4617-460C-BFAB-E65A73A1E2F6}"
EndProject
Project("{FAE04EC0-301F-11D3-BF4B-00C04F79EFBC}") = "monoXB", "monoDb\monoXB.csproj", "{52A52E8D-D1D1-4905-A461-9A4986BB77BD}"
EndProject
Project("{FAE04EC0-301F-11D3-BF4B-00C04F79EFBC}") = "CSCompiler", "CSCompiler\CSCompiler\CSCompiler.csproj", "{8256881F-D099-4B1D-8869-3287533C0C7E}"
EndProject
Project("{FAE04EC0-301F-11D3-BF4B-00C04F79EFBC}") = "UsoInterfaz", "UsoInterfaz\UsoInterfaz.csproj", "{F6376048-6895-4925-A4B4-934EB3B5D89D}"
EndProject
Project("{FAE04EC0-301F-11D3-BF4B-00C04F79EFBC}") = "InterfazFrm", "InterfazFrm\InterfazFrm.csproj", "{94C673D4-77AA-45AC-90EA-14668E9B0625}"
EndProject
Project("{FAE04EC0-301F-11D3-BF4B-00C04F79EFBC}") = "del-with-extern-method", "del-with-extern-method\del-with-extern-method.csproj", "{592B05B0-EC89-472B-B2C0-AD2ECE6766DB}"
EndProject
Project("{FAE04EC0-301F-11D3-BF4B-00C04F79EFBC}") = "ExampExtension", "ExampExtension\ExampExtension.csproj", "{E7A7BD7B-3DDB-4D0C-ACAB-F4A82F957ADD}"
EndProject
Project("{FAE04EC0-301F-11D3-BF4B-00C04F79EFBC}") = "ExampExtend", "ExampExtend\ExampExtend.csproj", "{5CD6A134-4A22-435F-A8A5-EF914412F79E}"
EndProject
Project("{FAE04EC0-301F-11D3-BF4B-00C04F79EFBC}") = "Components", "Components\Components.csproj", "{1C3A03CA-5E55-4CC4-9746-194A4188960A}"
EndProject
Project("{FAE04EC0-301F-11D3-BF4B-00C04F79EFBC}") = "DosLenguas", "DosLenguas\DosLenguas.csproj", "{716826BD-C3C1-4F92-9F02-7ADDB945A449}"
EndProject
Global
	GlobalSection(SolutionConfigurationPlatforms) = preSolution
		Debug|Any CPU = Debug|Any CPU
		Release|Any CPU = Release|Any CPU
	EndGlobalSection
	GlobalSection(ProjectConfigurationPlatforms) = postSolution
		{AC74382F-C13D-460C-87A6-A6CBC1E88D51}.Debug|Any CPU.ActiveCfg = Debug|Any CPU
		{AC74382F-C13D-460C-87A6-A6CBC1E88D51}.Debug|Any CPU.Build.0 = Debug|Any CPU
		{AC74382F-C13D-460C-87A6-A6CBC1E88D51}.Release|Any CPU.ActiveCfg = Release|Any CPU
		{AC74382F-C13D-460C-87A6-A6CBC1E88D51}.Release|Any CPU.Build.0 = Release|Any CPU
		{F304F525-54ED-4A35-9356-BFD34B5D90D5}.Debug|Any CPU.ActiveCfg = Debug|Any CPU
		{F304F525-54ED-4A35-9356-BFD34B5D90D5}.Debug|Any CPU.Build.0 = Debug|Any CPU
		{F304F525-54ED-4A35-9356-BFD34B5D90D5}.Release|Any CPU.ActiveCfg = Release|Any CPU
		{F304F525-54ED-4A35-9356-BFD34B5D90D5}.Release|Any CPU.Build.0 = Release|Any CPU
		{63E74464-EF72-4B83-B23A-A59DC203657C}.Debug|Any CPU.ActiveCfg = Debug|Any CPU
		{63E74464-EF72-4B83-B23A-A59DC203657C}.Debug|Any CPU.Build.0 = Debug|Any CPU
		{63E74464-EF72-4B83-B23A-A59DC203657C}.Release|Any CPU.ActiveCfg = Release|Any CPU
		{63E74464-EF72-4B83-B23A-A59DC203657C}.Release|Any CPU.Build.0 = Release|Any CPU
		{DF85D91E-76FE-40F7-9BF6-8D3CA2F25064}.Debug|Any CPU.ActiveCfg = Debug|Any CPU
		{DF85D91E-76FE-40F7-9BF6-8D3CA2F25064}.Debug|Any CPU.Build.0 = Debug|Any CPU
		{DF85D91E-76FE-40F7-9BF6-8D3CA2F25064}.Release|Any CPU.ActiveCfg = Release|Any CPU
		{DF85D91E-76FE-40F7-9BF6-8D3CA2F25064}.Release|Any CPU.Build.0 = Release|Any CPU
		{DEB2C6DA-7EC5-4DBC-9C84-040195242BCB}.Debug|Any CPU.ActiveCfg = Debug|Any CPU
		{DEB2C6DA-7EC5-4DBC-9C84-040195242BCB}.Debug|Any CPU.Build.0 = Debug|Any CPU
		{DEB2C6DA-7EC5-4DBC-9C84-040195242BCB}.Release|Any CPU.ActiveCfg = Release|Any CPU
		{DEB2C6DA-7EC5-4DBC-9C84-040195242BCB}.Release|Any CPU.Build.0 = Release|Any CPU
		{076FF7DF-BF97-42C7-A869-F88BA69B6220}.Debug|Any CPU.ActiveCfg = Debug|Any CPU
		{076FF7DF-BF97-42C7-A869-F88BA69B6220}.Debug|Any CPU.Build.0 = Debug|Any CPU
		{076FF7DF-BF97-42C7-A869-F88BA69B6220}.Release|Any CPU.ActiveCfg = Release|Any CPU
		{076FF7DF-BF97-42C7-A869-F88BA69B6220}.Release|Any CPU.Build.0 = Release|Any CPU
		{6C5B3FFB-222D-491A-B3E3-60B30714902E}.Debug|Any CPU.ActiveCfg = Debug|Any CPU
		{6C5B3FFB-222D-491A-B3E3-60B30714902E}.Debug|Any CPU.Build.0 = Debug|Any CPU
		{6C5B3FFB-222D-491A-B3E3-60B30714902E}.Release|Any CPU.ActiveCfg = Release|Any CPU
		{6C5B3FFB-222D-491A-B3E3-60B30714902E}.Release|Any CPU.Build.0 = Release|Any CPU
		{C27D4ACB-EFE4-4843-AE0F-FEE3F936584E}.Debug|Any CPU.ActiveCfg = Debug|Any CPU
		{C27D4ACB-EFE4-4843-AE0F-FEE3F936584E}.Debug|Any CPU.Build.0 = Debug|Any CPU
		{C27D4ACB-EFE4-4843-AE0F-FEE3F936584E}.Release|Any CPU.ActiveCfg = Release|Any CPU
		{C27D4ACB-EFE4-4843-AE0F-FEE3F936584E}.Release|Any CPU.Build.0 = Release|Any CPU
		{B2368BE6-1417-4B15-8FF6-B70B8B2514DC}.Debug|Any CPU.ActiveCfg = Debug|Any CPU
		{B2368BE6-1417-4B15-8FF6-B70B8B2514DC}.Debug|Any CPU.Build.0 = Debug|Any CPU
		{B2368BE6-1417-4B15-8FF6-B70B8B2514DC}.Release|Any CPU.ActiveCfg = Release|Any CPU
		{B2368BE6-1417-4B15-8FF6-B70B8B2514DC}.Release|Any CPU.Build.0 = Release|Any CPU
		{D584E033-7A3F-4CED-9CF7-F2387092A0CE}.Debug|Any CPU.ActiveCfg = Debug|Any CPU
		{D584E033-7A3F-4CED-9CF7-F2387092A0CE}.Debug|Any CPU.Build.0 = Debug|Any CPU
		{D584E033-7A3F-4CED-9CF7-F2387092A0CE}.Release|Any CPU.ActiveCfg = Release|Any CPU
		{D584E033-7A3F-4CED-9CF7-F2387092A0CE}.Release|Any CPU.Build.0 = Release|Any CPU
		{1CE7F55E-8933-4A22-BCDE-1410A10C9860}.Debug|Any CPU.ActiveCfg = Debug|Any CPU
		{1CE7F55E-8933-4A22-BCDE-1410A10C9860}.Debug|Any CPU.Build.0 = Debug|Any CPU
		{1CE7F55E-8933-4A22-BCDE-1410A10C9860}.Release|Any CPU.ActiveCfg = Release|Any CPU
		{1CE7F55E-8933-4A22-BCDE-1410A10C9860}.Release|Any CPU.Build.0 = Release|Any CPU
		{88D9FB75-768E-4E77-9A32-1D040489E7D0}.Debug|Any CPU.ActiveCfg = Debug|Any CPU
		{88D9FB75-768E-4E77-9A32-1D040489E7D0}.Debug|Any CPU.Build.0 = Debug|Any CPU
		{88D9FB75-768E-4E77-9A32-1D040489E7D0}.Release|Any CPU.ActiveCfg = Release|Any CPU
		{88D9FB75-768E-4E77-9A32-1D040489E7D0}.Release|Any CPU.Build.0 = Release|Any CPU
		{97903425-9270-4E28-8A5E-F2B3D563FE68}.Debug|Any CPU.ActiveCfg = Debug|Any CPU
		{97903425-9270-4E28-8A5E-F2B3D563FE68}.Debug|Any CPU.Build.0 = Debug|Any CPU
		{97903425-9270-4E28-8A5E-F2B3D563FE68}.Release|Any CPU.ActiveCfg = Release|Any CPU
		{97903425-9270-4E28-8A5E-F2B3D563FE68}.Release|Any CPU.Build.0 = Release|Any CPU
		{2D8C056D-5474-4819-94EB-BD000DF24D39}.Debug|Any CPU.ActiveCfg = Debug|Any CPU
		{2D8C056D-5474-4819-94EB-BD000DF24D39}.Debug|Any CPU.Build.0 = Debug|Any CPU
		{2D8C056D-5474-4819-94EB-BD000DF24D39}.Release|Any CPU.ActiveCfg = Release|Any CPU
		{2D8C056D-5474-4819-94EB-BD000DF24D39}.Release|Any CPU.Build.0 = Release|Any CPU
		{7D4B0537-7B89-4461-A575-5766E0487EAD}.Debug|Any CPU.ActiveCfg = Debug|Any CPU
		{7D4B0537-7B89-4461-A575-5766E0487EAD}.Debug|Any CPU.Build.0 = Debug|Any CPU
		{7D4B0537-7B89-4461-A575-5766E0487EAD}.Release|Any CPU.ActiveCfg = Release|Any CPU
		{7D4B0537-7B89-4461-A575-5766E0487EAD}.Release|Any CPU.Build.0 = Release|Any CPU
		{A8BCCB1C-3DB1-45E8-B99C-4D19A2089C77}.Debug|Any CPU.ActiveCfg = Debug|Any CPU
		{A8BCCB1C-3DB1-45E8-B99C-4D19A2089C77}.Debug|Any CPU.Build.0 = Debug|Any CPU
		{A8BCCB1C-3DB1-45E8-B99C-4D19A2089C77}.Release|Any CPU.ActiveCfg = Release|Any CPU
		{A8BCCB1C-3DB1-45E8-B99C-4D19A2089C77}.Release|Any CPU.Build.0 = Release|Any CPU
		{AABA11D6-44E9-4E03-80E0-2B17CCA0185A}.Debug|Any CPU.ActiveCfg = Debug|Any CPU
		{AABA11D6-44E9-4E03-80E0-2B17CCA0185A}.Debug|Any CPU.Build.0 = Debug|Any CPU
		{AABA11D6-44E9-4E03-80E0-2B17CCA0185A}.Release|Any CPU.ActiveCfg = Release|Any CPU
		{AABA11D6-44E9-4E03-80E0-2B17CCA0185A}.Release|Any CPU.Build.0 = Release|Any CPU
		{DFC6836A-FCB7-402F-AF48-0652819D58EF}.Debug|Any CPU.ActiveCfg = Debug|Any CPU
		{DFC6836A-FCB7-402F-AF48-0652819D58EF}.Debug|Any CPU.Build.0 = Debug|Any CPU
		{DFC6836A-FCB7-402F-AF48-0652819D58EF}.Release|Any CPU.ActiveCfg = Release|Any CPU
		{DFC6836A-FCB7-402F-AF48-0652819D58EF}.Release|Any CPU.Build.0 = Release|Any CPU
		{4461F9D0-E7B9-4C61-9369-060E60E06198}.Debug|Any CPU.ActiveCfg = Debug|Any CPU
		{4461F9D0-E7B9-4C61-9369-060E60E06198}.Debug|Any CPU.Build.0 = Debug|Any CPU
		{4461F9D0-E7B9-4C61-9369-060E60E06198}.Release|Any CPU.ActiveCfg = Release|Any CPU
		{4461F9D0-E7B9-4C61-9369-060E60E06198}.Release|Any CPU.Build.0 = Release|Any CPU
		{D8B511FD-3B31-4F49-8B4D-2AF10A58B328}.Debug|Any CPU.ActiveCfg = Debug|Any CPU
		{D8B511FD-3B31-4F49-8B4D-2AF10A58B328}.Debug|Any CPU.Build.0 = Debug|Any CPU
		{D8B511FD-3B31-4F49-8B4D-2AF10A58B328}.Release|Any CPU.ActiveCfg = Release|Any CPU
		{D8B511FD-3B31-4F49-8B4D-2AF10A58B328}.Release|Any CPU.Build.0 = Release|Any CPU
		{839E8026-01FA-425D-8812-B9C5355840EA}.Debug|Any CPU.ActiveCfg = Debug|Any CPU
		{839E8026-01FA-425D-8812-B9C5355840EA}.Debug|Any CPU.Build.0 = Debug|Any CPU
		{839E8026-01FA-425D-8812-B9C5355840EA}.Release|Any CPU.ActiveCfg = Release|Any CPU
		{839E8026-01FA-425D-8812-B9C5355840EA}.Release|Any CPU.Build.0 = Release|Any CPU
		{5CE6B974-4617-460C-BFAB-E65A73A1E2F6}.Debug|Any CPU.ActiveCfg = Debug|Any CPU
		{5CE6B974-4617-460C-BFAB-E65A73A1E2F6}.Debug|Any CPU.Build.0 = Debug|Any CPU
		{5CE6B974-4617-460C-BFAB-E65A73A1E2F6}.Release|Any CPU.ActiveCfg = Release|Any CPU
		{5CE6B974-4617-460C-BFAB-E65A73A1E2F6}.Release|Any CPU.Build.0 = Release|Any CPU
		{52A52E8D-D1D1-4905-A461-9A4986BB77BD}.Debug|Any CPU.ActiveCfg = Debug|Any CPU
		{52A52E8D-D1D1-4905-A461-9A4986BB77BD}.Debug|Any CPU.Build.0 = Debug|Any CPU
		{52A52E8D-D1D1-4905-A461-9A4986BB77BD}.Release|Any CPU.ActiveCfg = Release|Any CPU
		{52A52E8D-D1D1-4905-A461-9A4986BB77BD}.Release|Any CPU.Build.0 = Release|Any CPU
		{8256881F-D099-4B1D-8869-3287533C0C7E}.Debug|Any CPU.ActiveCfg = Debug|Any CPU
		{8256881F-D099-4B1D-8869-3287533C0C7E}.Debug|Any CPU.Build.0 = Debug|Any CPU
		{8256881F-D099-4B1D-8869-3287533C0C7E}.Release|Any CPU.ActiveCfg = Release|Any CPU
		{8256881F-D099-4B1D-8869-3287533C0C7E}.Release|Any CPU.Build.0 = Release|Any CPU
		{F6376048-6895-4925-A4B4-934EB3B5D89D}.Debug|Any CPU.ActiveCfg = Debug|Any CPU
		{F6376048-6895-4925-A4B4-934EB3B5D89D}.Debug|Any CPU.Build.0 = Debug|Any CPU
		{F6376048-6895-4925-A4B4-934EB3B5D89D}.Release|Any CPU.ActiveCfg = Release|Any CPU
		{F6376048-6895-4925-A4B4-934EB3B5D89D}.Release|Any CPU.Build.0 = Release|Any CPU
		{94C673D4-77AA-45AC-90EA-14668E9B0625}.Debug|Any CPU.ActiveCfg = Debug|Any CPU
		{94C673D4-77AA-45AC-90EA-14668E9B0625}.Debug|Any CPU.Build.0 = Debug|Any CPU
		{94C673D4-77AA-45AC-90EA-14668E9B0625}.Release|Any CPU.ActiveCfg = Release|Any CPU
		{94C673D4-77AA-45AC-90EA-14668E9B0625}.Release|Any CPU.Build.0 = Release|Any CPU
		{592B05B0-EC89-472B-B2C0-AD2ECE6766DB}.Debug|Any CPU.ActiveCfg = Debug|Any CPU
		{592B05B0-EC89-472B-B2C0-AD2ECE6766DB}.Debug|Any CPU.Build.0 = Debug|Any CPU
		{592B05B0-EC89-472B-B2C0-AD2ECE6766DB}.Release|Any CPU.ActiveCfg = Release|Any CPU
		{592B05B0-EC89-472B-B2C0-AD2ECE6766DB}.Release|Any CPU.Build.0 = Release|Any CPU
		{E7A7BD7B-3DDB-4D0C-ACAB-F4A82F957ADD}.Debug|Any CPU.ActiveCfg = Debug|Any CPU
		{E7A7BD7B-3DDB-4D0C-ACAB-F4A82F957ADD}.Debug|Any CPU.Build.0 = Debug|Any CPU
		{E7A7BD7B-3DDB-4D0C-ACAB-F4A82F957ADD}.Release|Any CPU.ActiveCfg = Release|Any CPU
		{E7A7BD7B-3DDB-4D0C-ACAB-F4A82F957ADD}.Release|Any CPU.Build.0 = Release|Any CPU
		{5CD6A134-4A22-435F-A8A5-EF914412F79E}.Debug|Any CPU.ActiveCfg = Debug|Any CPU
		{5CD6A134-4A22-435F-A8A5-EF914412F79E}.Debug|Any CPU.Build.0 = Debug|Any CPU
		{5CD6A134-4A22-435F-A8A5-EF914412F79E}.Release|Any CPU.ActiveCfg = Release|Any CPU
		{5CD6A134-4A22-435F-A8A5-EF914412F79E}.Release|Any CPU.Build.0 = Release|Any CPU
		{1C3A03CA-5E55-4CC4-9746-194A4188960A}.Debug|Any CPU.ActiveCfg = Debug|Any CPU
		{1C3A03CA-5E55-4CC4-9746-194A4188960A}.Debug|Any CPU.Build.0 = Debug|Any CPU
		{1C3A03CA-5E55-4CC4-9746-194A4188960A}.Release|Any CPU.ActiveCfg = Release|Any CPU
		{1C3A03CA-5E55-4CC4-9746-194A4188960A}.Release|Any CPU.Build.0 = Release|Any CPU
		{716826BD-C3C1-4F92-9F02-7ADDB945A449}.Debug|Any CPU.ActiveCfg = Debug|Any CPU
		{716826BD-C3C1-4F92-9F02-7ADDB945A449}.Debug|Any CPU.Build.0 = Debug|Any CPU
		{716826BD-C3C1-4F92-9F02-7ADDB945A449}.Release|Any CPU.ActiveCfg = Release|Any CPU
		{716826BD-C3C1-4F92-9F02-7ADDB945A449}.Release|Any CPU.Build.0 = Release|Any CPU
	EndGlobalSection
EndGlobal
